
Microsoft Visual Studio Solution File, Format Version 12.00
# Visual Studio Version 17
VisualStudioVersion = 17.11.35303.130
MinimumVisualStudioVersion = 10.0.40219.1
Project("{FAE04EC0-301F-11D3-BF4B-00C04F79EFBC}") = "NX-lims Softlines Command System", "NX-lims Softlines Command System.csproj", "{31F13DB2-7968-465D-BEA3-C49AD90D564D}"
EndProject
Global
	GlobalSection(SolutionConfigurationPlatforms) = preSolution
		Debug|Any CPU = Debug|Any CPU
		Release|Any CPU = Release|Any CPU
	EndGlobalSection
	GlobalSection(ProjectConfigurationPlatforms) = postSolution
		{31F13DB2-7968-465D-BEA3-C49AD90D564D}.Debug|Any CPU.ActiveCfg = Debug|Any CPU
		{31F13DB2-7968-465D-BEA3-C49AD90D564D}.Debug|Any CPU.Build.0 = Debug|Any CPU
		{31F13DB2-7968-465D-BEA3-C49AD90D564D}.Release|Any CPU.ActiveCfg = Release|Any CPU
		{31F13DB2-7968-465D-BEA3-C49AD90D564D}.Release|Any CPU.Build.0 = Release|Any CPU
	EndGlobalSection
	GlobalSection(SolutionProperties) = preSolution
		HideSolutionNode = FALSE
	EndGlobalSection
	GlobalSection(ExtensibilityGlobals) = postSolution
		SolutionGuid = {0C77D4A9-D3C8-4B2A-A20B-D65F14CAE315}
	EndGlobalSection
EndGlobal
